
Microsoft Visual Studio Solution File, Format Version 12.00
# Visual Studio 15
VisualStudioVersion = 15.0.28307.489
MinimumVisualStudioVersion = 10.0.40219.1
Project("{E24C65DC-7377-472B-9ABA-BC803B73C61A}") = "Sample", "Sample\", "{3E2D2F31-9D5D-4154-A505-0AE152F73D7B}"
	ProjectSection(WebsiteProperties) = preProject
		TargetFrameworkMoniker = ".NETFramework,Version%3Dv3.5"
		Debug.AspNetCompiler.VirtualPath = "/Sample"
		Debug.AspNetCompiler.PhysicalPath = "Sample\"
		Debug.AspNetCompiler.TargetPath = "PrecompiledWeb\Sample\"
		Debug.AspNetCompiler.Updateable = "true"
		Debug.AspNetCompiler.ForceOverwrite = "true"
		Debug.AspNetCompiler.FixedNames = "false"
		Debug.AspNetCompiler.Debug = "True"
		Release.AspNetCompiler.VirtualPath = "/Sample"
		Release.AspNetCompiler.PhysicalPath = "Sample\"
		Release.AspNetCompiler.TargetPath = "PrecompiledWeb\Sample\"
		Release.AspNetCompiler.Updateable = "true"
		Release.AspNetCompiler.ForceOverwrite = "true"
		Release.AspNetCompiler.FixedNames = "false"
		Release.AspNetCompiler.Debug = "False"
		VWDPort = "1234"
		VWDDynamicPort = "false"
	EndProjectSection
EndProject
Project("{E24C65DC-7377-472B-9ABA-BC803B73C61A}") = "badhost", "badhost\", "{548861D1-1B09-49B2-B378-65079E8BEB4B}"
	ProjectSection(WebsiteProperties) = preProject
		TargetFrameworkMoniker = ".NETFramework,Version%3Dv3.5"
		Debug.AspNetCompiler.VirtualPath = "/badhost"
		Debug.AspNetCompiler.PhysicalPath = "badhost\"
		Debug.AspNetCompiler.TargetPath = "PrecompiledWeb\badhost\"
		Debug.AspNetCompiler.Updateable = "true"
		Debug.AspNetCompiler.ForceOverwrite = "true"
		Debug.AspNetCompiler.FixedNames = "false"
		Debug.AspNetCompiler.Debug = "True"
		Release.AspNetCompiler.VirtualPath = "/badhost"
		Release.AspNetCompiler.PhysicalPath = "badhost\"
		Release.AspNetCompiler.TargetPath = "PrecompiledWeb\badhost\"
		Release.AspNetCompiler.Updateable = "true"
		Release.AspNetCompiler.ForceOverwrite = "true"
		Release.AspNetCompiler.FixedNames = "false"
		Release.AspNetCompiler.Debug = "False"
		VWDPort = "9997"
		VWDDynamicPort = "false"
	EndProjectSection
EndProject
Global
	GlobalSection(SolutionConfigurationPlatforms) = preSolution
		Debug|Any CPU = Debug|Any CPU
	EndGlobalSection
	GlobalSection(ProjectConfigurationPlatforms) = postSolution
		{3E2D2F31-9D5D-4154-A505-0AE152F73D7B}.Debug|Any CPU.ActiveCfg = Debug|Any CPU
		{3E2D2F31-9D5D-4154-A505-0AE152F73D7B}.Debug|Any CPU.Build.0 = Debug|Any CPU
		{548861D1-1B09-49B2-B378-65079E8BEB4B}.Debug|Any CPU.ActiveCfg = Debug|Any CPU
		{548861D1-1B09-49B2-B378-65079E8BEB4B}.Debug|Any CPU.Build.0 = Debug|Any CPU
	EndGlobalSection
	GlobalSection(SolutionProperties) = preSolution
		HideSolutionNode = FALSE
	EndGlobalSection
	GlobalSection(ExtensibilityGlobals) = postSolution
		SolutionGuid = {7BFB1813-E98D-419D-83EE-4608B304D529}
	EndGlobalSection
EndGlobal
